// !$*UTF8*$!
{
	archiveVersion = 1;
	classes = {
	};
	objectVersion = 50;
	objects = {

/* Begin PBXBuildFile section */
		331042C5208A1C40009A3A2D /* AppDelegate.swift in Sources */ = {isa = PBXBuildFile; fileRef = 331042C4208A1C40009A3A2D /* AppDelegate.swift */; };
		331042C7208A1C40009A3A2D /* ViewController.swift in Sources */ = {isa = PBXBuildFile; fileRef = 331042C6208A1C40009A3A2D /* ViewController.swift */; };
		331042CA208A1C40009A3A2D /* Main.storyboard in Resources */ = {isa = PBXBuildFile; fileRef = 331042C8208A1C40009A3A2D /* Main.storyboard */; };
		331042CC208A1C42009A3A2D /* Assets.xcassets in Resources */ = {isa = PBXBuildFile; fileRef = 331042CB208A1C42009A3A2D /* Assets.xcassets */; };
		331042CF208A1C42009A3A2D /* LaunchScreen.storyboard in Resources */ = {isa = PBXBuildFile; fileRef = 331042CD208A1C42009A3A2D /* LaunchScreen.storyboard */; };
		33104300208A1C5F009A3A2D /* SweetDataSource.framework in Frameworks */ = {isa = PBXBuildFile; fileRef = 331042F7208A1C5F009A3A2D /* SweetDataSource.framework */; };
		33104307208A1C5F009A3A2D /* SweetDataSourceTests.swift in Sources */ = {isa = PBXBuildFile; fileRef = 33104306208A1C5F009A3A2D /* SweetDataSourceTests.swift */; };
		33104309208A1C5F009A3A2D /* SweetDataSource.h in Headers */ = {isa = PBXBuildFile; fileRef = 331042F9208A1C5F009A3A2D /* SweetDataSource.h */; settings = {ATTRIBUTES = (Public, ); }; };
		3310430C208A1C5F009A3A2D /* SweetDataSource.framework in Frameworks */ = {isa = PBXBuildFile; fileRef = 331042F7208A1C5F009A3A2D /* SweetDataSource.framework */; };
		3310430D208A1C5F009A3A2D /* SweetDataSource.framework in Embed Frameworks */ = {isa = PBXBuildFile; fileRef = 331042F7208A1C5F009A3A2D /* SweetDataSource.framework */; settings = {ATTRIBUTES = (CodeSignOnCopy, RemoveHeadersOnCopy, ); }; };
		33104319208A1CF1009A3A2D /* DemoItemCell.swift in Sources */ = {isa = PBXBuildFile; fileRef = 33104318208A1CF1009A3A2D /* DemoItemCell.swift */; };
		33104322208A1E7C009A3A2D /* CompoundDataSource.swift in Sources */ = {isa = PBXBuildFile; fileRef = 33104320208A1E7C009A3A2D /* CompoundDataSource.swift */; };
		33104323208A1E7C009A3A2D /* CompoundableDataSource.swift in Sources */ = {isa = PBXBuildFile; fileRef = 33104321208A1E7C009A3A2D /* CompoundableDataSource.swift */; };
		33104325208A1EC6009A3A2D /* SingleTypeDataSource.swift in Sources */ = {isa = PBXBuildFile; fileRef = 33104324208A1EC6009A3A2D /* SingleTypeDataSource.swift */; };
		33104327208A1EFB009A3A2D /* UITableView+Generics.swift in Sources */ = {isa = PBXBuildFile; fileRef = 33104326208A1EFB009A3A2D /* UITableView+Generics.swift */; };
		33104329208A22FD009A3A2D /* UITableViewCell+DefaultValues.swift in Sources */ = {isa = PBXBuildFile; fileRef = 33104328208A22FD009A3A2D /* UITableViewCell+DefaultValues.swift */; };
		3310432B208A235E009A3A2D /* CompoundDataSourceTests.swift in Sources */ = {isa = PBXBuildFile; fileRef = 3310432A208A235E009A3A2D /* CompoundDataSourceTests.swift */; };
		3310432F208A23EA009A3A2D /* IntCell.swift in Sources */ = {isa = PBXBuildFile; fileRef = 3310432E208A23EA009A3A2D /* IntCell.swift */; };
		33104331208A23F9009A3A2D /* StringDataSource.swift in Sources */ = {isa = PBXBuildFile; fileRef = 33104330208A23F9009A3A2D /* StringDataSource.swift */; };
		33104333208A2400009A3A2D /* IntDataSource.swift in Sources */ = {isa = PBXBuildFile; fileRef = 33104332208A2400009A3A2D /* IntDataSource.swift */; };
		33104335208A244C009A3A2D /* StringCell.swift in Sources */ = {isa = PBXBuildFile; fileRef = 33104334208A244C009A3A2D /* StringCell.swift */; };
		33104337208A245B009A3A2D /* StringCell.xib in Resources */ = {isa = PBXBuildFile; fileRef = 33104336208A245B009A3A2D /* StringCell.xib */; };
		3310433B208A28CB009A3A2D /* DemoItemDataSource.swift in Sources */ = {isa = PBXBuildFile; fileRef = 3310433A208A28CB009A3A2D /* DemoItemDataSource.swift */; };
		3310433D208A2976009A3A2D /* String+CamelCaseToSpacing.swift in Sources */ = {isa = PBXBuildFile; fileRef = 3310433C208A2976009A3A2D /* String+CamelCaseToSpacing.swift */; };
		33104340208A2A57009A3A2D /* CompoundDataSourceViewController.swift in Sources */ = {isa = PBXBuildFile; fileRef = 3310433E208A2A57009A3A2D /* CompoundDataSourceViewController.swift */; };
		33104341208A2A57009A3A2D /* SingleTypeDataSourceViewController.swift in Sources */ = {isa = PBXBuildFile; fileRef = 3310433F208A2A57009A3A2D /* SingleTypeDataSourceViewController.swift */; };
/* End PBXBuildFile section */

/* Begin PBXContainerItemProxy section */
		33104301208A1C5F009A3A2D /* PBXContainerItemProxy */ = {
			isa = PBXContainerItemProxy;
			containerPortal = 331042B9208A1C40009A3A2D /* Project object */;
			proxyType = 1;
			remoteGlobalIDString = 331042F6208A1C5F009A3A2D;
			remoteInfo = SweetDataSource;
		};
		33104303208A1C5F009A3A2D /* PBXContainerItemProxy */ = {
			isa = PBXContainerItemProxy;
			containerPortal = 331042B9208A1C40009A3A2D /* Project object */;
			proxyType = 1;
			remoteGlobalIDString = 331042C0208A1C40009A3A2D;
			remoteInfo = SweetDataSourceDemo;
		};
		3310430A208A1C5F009A3A2D /* PBXContainerItemProxy */ = {
			isa = PBXContainerItemProxy;
			containerPortal = 331042B9208A1C40009A3A2D /* Project object */;
			proxyType = 1;
			remoteGlobalIDString = 331042F6208A1C5F009A3A2D;
			remoteInfo = SweetDataSource;
		};
/* End PBXContainerItemProxy section */

/* Begin PBXCopyFilesBuildPhase section */
		33104311208A1C5F009A3A2D /* Embed Frameworks */ = {
			isa = PBXCopyFilesBuildPhase;
			buildActionMask = 2147483647;
			dstPath = "";
			dstSubfolderSpec = 10;
			files = (
				3310430D208A1C5F009A3A2D /* SweetDataSource.framework in Embed Frameworks */,
			);
			name = "Embed Frameworks";
			runOnlyForDeploymentPostprocessing = 0;
		};
/* End PBXCopyFilesBuildPhase section */

/* Begin PBXFileReference section */
		331042C1208A1C40009A3A2D /* SweetDataSourceDemo.app */ = {isa = PBXFileReference; explicitFileType = wrapper.application; includeInIndex = 0; path = SweetDataSourceDemo.app; sourceTree = BUILT_PRODUCTS_DIR; };
		331042C4208A1C40009A3A2D /* AppDelegate.swift */ = {isa = PBXFileReference; lastKnownFileType = sourcecode.swift; path = AppDelegate.swift; sourceTree = "<group>"; };
		331042C6208A1C40009A3A2D /* ViewController.swift */ = {isa = PBXFileReference; lastKnownFileType = sourcecode.swift; path = ViewController.swift; sourceTree = "<group>"; };
		331042C9208A1C40009A3A2D /* Base */ = {isa = PBXFileReference; lastKnownFileType = file.storyboard; name = Base; path = Base.lproj/Main.storyboard; sourceTree = "<group>"; };
		331042CB208A1C42009A3A2D /* Assets.xcassets */ = {isa = PBXFileReference; lastKnownFileType = folder.assetcatalog; path = Assets.xcassets; sourceTree = "<group>"; };
		331042CE208A1C42009A3A2D /* Base */ = {isa = PBXFileReference; lastKnownFileType = file.storyboard; name = Base; path = Base.lproj/LaunchScreen.storyboard; sourceTree = "<group>"; };
		331042D0208A1C42009A3A2D /* Info.plist */ = {isa = PBXFileReference; lastKnownFileType = text.plist.xml; path = Info.plist; sourceTree = "<group>"; };
		331042F7208A1C5F009A3A2D /* SweetDataSource.framework */ = {isa = PBXFileReference; explicitFileType = wrapper.framework; includeInIndex = 0; path = SweetDataSource.framework; sourceTree = BUILT_PRODUCTS_DIR; };
		331042F9208A1C5F009A3A2D /* SweetDataSource.h */ = {isa = PBXFileReference; lastKnownFileType = sourcecode.c.h; path = SweetDataSource.h; sourceTree = "<group>"; };
		331042FA208A1C5F009A3A2D /* Info.plist */ = {isa = PBXFileReference; lastKnownFileType = text.plist.xml; path = Info.plist; sourceTree = "<group>"; };
		331042FF208A1C5F009A3A2D /* SweetDataSourceTests.xctest */ = {isa = PBXFileReference; explicitFileType = wrapper.cfbundle; includeInIndex = 0; path = SweetDataSourceTests.xctest; sourceTree = BUILT_PRODUCTS_DIR; };
		33104306208A1C5F009A3A2D /* SweetDataSourceTests.swift */ = {isa = PBXFileReference; lastKnownFileType = sourcecode.swift; path = SweetDataSourceTests.swift; sourceTree = "<group>"; };
		33104308208A1C5F009A3A2D /* Info.plist */ = {isa = PBXFileReference; lastKnownFileType = text.plist.xml; path = Info.plist; sourceTree = "<group>"; };
		33104318208A1CF1009A3A2D /* DemoItemCell.swift */ = {isa = PBXFileReference; lastKnownFileType = sourcecode.swift; path = DemoItemCell.swift; sourceTree = "<group>"; };
		33104320208A1E7C009A3A2D /* CompoundDataSource.swift */ = {isa = PBXFileReference; fileEncoding = 4; lastKnownFileType = sourcecode.swift; path = CompoundDataSource.swift; sourceTree = "<group>"; };
		33104321208A1E7C009A3A2D /* CompoundableDataSource.swift */ = {isa = PBXFileReference; fileEncoding = 4; lastKnownFileType = sourcecode.swift; path = CompoundableDataSource.swift; sourceTree = "<group>"; };
		33104324208A1EC6009A3A2D /* SingleTypeDataSource.swift */ = {isa = PBXFileReference; fileEncoding = 4; lastKnownFileType = sourcecode.swift; path = SingleTypeDataSource.swift; sourceTree = "<group>"; };
		33104326208A1EFB009A3A2D /* UITableView+Generics.swift */ = {isa = PBXFileReference; lastKnownFileType = sourcecode.swift; path = "UITableView+Generics.swift"; sourceTree = "<group>"; };
		33104328208A22FD009A3A2D /* UITableViewCell+DefaultValues.swift */ = {isa = PBXFileReference; lastKnownFileType = sourcecode.swift; path = "UITableViewCell+DefaultValues.swift"; sourceTree = "<group>"; };
		3310432A208A235E009A3A2D /* CompoundDataSourceTests.swift */ = {isa = PBXFileReference; fileEncoding = 4; lastKnownFileType = sourcecode.swift; path = CompoundDataSourceTests.swift; sourceTree = "<group>"; };
		3310432E208A23EA009A3A2D /* IntCell.swift */ = {isa = PBXFileReference; fileEncoding = 4; lastKnownFileType = sourcecode.swift; path = IntCell.swift; sourceTree = "<group>"; };
		33104330208A23F9009A3A2D /* StringDataSource.swift */ = {isa = PBXFileReference; fileEncoding = 4; lastKnownFileType = sourcecode.swift; path = StringDataSource.swift; sourceTree = "<group>"; };
		33104332208A2400009A3A2D /* IntDataSource.swift */ = {isa = PBXFileReference; fileEncoding = 4; lastKnownFileType = sourcecode.swift; name = IntDataSource.swift; path = SweetDataSourceDemo/DataSources/IntDataSource.swift; sourceTree = SOURCE_ROOT; };
		33104334208A244C009A3A2D /* StringCell.swift */ = {isa = PBXFileReference; lastKnownFileType = sourcecode.swift; path = StringCell.swift; sourceTree = "<group>"; };
		33104336208A245B009A3A2D /* StringCell.xib */ = {isa = PBXFileReference; lastKnownFileType = file.xib; path = StringCell.xib; sourceTree = "<group>"; };
		3310433A208A28CB009A3A2D /* DemoItemDataSource.swift */ = {isa = PBXFileReference; lastKnownFileType = sourcecode.swift; path = DemoItemDataSource.swift; sourceTree = "<group>"; };
		3310433C208A2976009A3A2D /* String+CamelCaseToSpacing.swift */ = {isa = PBXFileReference; lastKnownFileType = sourcecode.swift; path = "String+CamelCaseToSpacing.swift"; sourceTree = "<group>"; };
		3310433E208A2A57009A3A2D /* CompoundDataSourceViewController.swift */ = {isa = PBXFileReference; fileEncoding = 4; lastKnownFileType = sourcecode.swift; path = CompoundDataSourceViewController.swift; sourceTree = "<group>"; };
		3310433F208A2A57009A3A2D /* SingleTypeDataSourceViewController.swift */ = {isa = PBXFileReference; fileEncoding = 4; lastKnownFileType = sourcecode.swift; path = SingleTypeDataSourceViewController.swift; sourceTree = "<group>"; };
/* End PBXFileReference section */

/* Begin PBXFrameworksBuildPhase section */
		331042BE208A1C40009A3A2D /* Frameworks */ = {
			isa = PBXFrameworksBuildPhase;
			buildActionMask = 2147483647;
			files = (
				3310430C208A1C5F009A3A2D /* SweetDataSource.framework in Frameworks */,
			);
			runOnlyForDeploymentPostprocessing = 0;
		};
		331042F3208A1C5F009A3A2D /* Frameworks */ = {
			isa = PBXFrameworksBuildPhase;
			buildActionMask = 2147483647;
			files = (
			);
			runOnlyForDeploymentPostprocessing = 0;
		};
		331042FC208A1C5F009A3A2D /* Frameworks */ = {
			isa = PBXFrameworksBuildPhase;
			buildActionMask = 2147483647;
			files = (
				33104300208A1C5F009A3A2D /* SweetDataSource.framework in Frameworks */,
			);
			runOnlyForDeploymentPostprocessing = 0;
		};
/* End PBXFrameworksBuildPhase section */

/* Begin PBXGroup section */
		331042B8208A1C40009A3A2D = {
			isa = PBXGroup;
			children = (
				331042C3208A1C40009A3A2D /* SweetDataSourceDemo */,
				331042F8208A1C5F009A3A2D /* SweetDataSource */,
				33104305208A1C5F009A3A2D /* SweetDataSourceTests */,
				331042C2208A1C40009A3A2D /* Products */,
			);
			sourceTree = "<group>";
		};
		331042C2208A1C40009A3A2D /* Products */ = {
			isa = PBXGroup;
			children = (
				331042C1208A1C40009A3A2D /* SweetDataSourceDemo.app */,
				331042F7208A1C5F009A3A2D /* SweetDataSource.framework */,
				331042FF208A1C5F009A3A2D /* SweetDataSourceTests.xctest */,
			);
			name = Products;
			sourceTree = "<group>";
		};
		331042C3208A1C40009A3A2D /* SweetDataSourceDemo */ = {
			isa = PBXGroup;
			children = (
				33104315208A1CD2009A3A2D /* Cells */,
				3310431B208A1DA5009A3A2D /* Extensions */,
				33104316208A1CD2009A3A2D /* DataSources */,
				33104317208A1CD2009A3A2D /* ViewControllers */,
				331042C4208A1C40009A3A2D /* AppDelegate.swift */,
				331042C8208A1C40009A3A2D /* Main.storyboard */,
				331042CB208A1C42009A3A2D /* Assets.xcassets */,
				331042CD208A1C42009A3A2D /* LaunchScreen.storyboard */,
				331042D0208A1C42009A3A2D /* Info.plist */,
			);
			path = SweetDataSourceDemo;
			sourceTree = "<group>";
		};
		331042F8208A1C5F009A3A2D /* SweetDataSource */ = {
			isa = PBXGroup;
			children = (
				331042F9208A1C5F009A3A2D /* SweetDataSource.h */,
				331042FA208A1C5F009A3A2D /* Info.plist */,
				3310431A208A1D18009A3A2D /* Extensions */,
				33104321208A1E7C009A3A2D /* CompoundableDataSource.swift */,
				33104320208A1E7C009A3A2D /* CompoundDataSource.swift */,
				33104324208A1EC6009A3A2D /* SingleTypeDataSource.swift */,
			);
			path = SweetDataSource;
			sourceTree = "<group>";
		};
		33104305208A1C5F009A3A2D /* SweetDataSourceTests */ = {
			isa = PBXGroup;
			children = (
				3310432A208A235E009A3A2D /* CompoundDataSourceTests.swift */,
				33104306208A1C5F009A3A2D /* SweetDataSourceTests.swift */,
				33104308208A1C5F009A3A2D /* Info.plist */,
			);
			path = SweetDataSourceTests;
			sourceTree = "<group>";
		};
		33104315208A1CD2009A3A2D /* Cells */ = {
			isa = PBXGroup;
			children = (
				33104318208A1CF1009A3A2D /* DemoItemCell.swift */,
				3310432E208A23EA009A3A2D /* IntCell.swift */,
				33104334208A244C009A3A2D /* StringCell.swift */,
				33104336208A245B009A3A2D /* StringCell.xib */,
			);
			path = Cells;
			sourceTree = "<group>";
		};
		33104316208A1CD2009A3A2D /* DataSources */ = {
			isa = PBXGroup;
			children = (
				33104332208A2400009A3A2D /* IntDataSource.swift */,
				33104330208A23F9009A3A2D /* StringDataSource.swift */,
				3310433A208A28CB009A3A2D /* DemoItemDataSource.swift */,
			);
			path = DataSources;
			sourceTree = "<group>";
		};
		33104317208A1CD2009A3A2D /* ViewControllers */ = {
			isa = PBXGroup;
			children = (
				3310433E208A2A57009A3A2D /* CompoundDataSourceViewController.swift */,
				3310433F208A2A57009A3A2D /* SingleTypeDataSourceViewController.swift */,
				331042C6208A1C40009A3A2D /* ViewController.swift */,
			);
			path = ViewControllers;
			sourceTree = "<group>";
		};
		3310431A208A1D18009A3A2D /* Extensions */ = {
			isa = PBXGroup;
			children = (
				33104326208A1EFB009A3A2D /* UITableView+Generics.swift */,
				33104328208A22FD009A3A2D /* UITableViewCell+DefaultValues.swift */,
			);
			path = Extensions;
			sourceTree = "<group>";
		};
		3310431B208A1DA5009A3A2D /* Extensions */ = {
			isa = PBXGroup;
			children = (
				3310433C208A2976009A3A2D /* String+CamelCaseToSpacing.swift */,
			);
			path = Extensions;
			sourceTree = "<group>";
		};
/* End PBXGroup section */

/* Begin PBXHeadersBuildPhase section */
		331042F4208A1C5F009A3A2D /* Headers */ = {
			isa = PBXHeadersBuildPhase;
			buildActionMask = 2147483647;
			files = (
				33104309208A1C5F009A3A2D /* SweetDataSource.h in Headers */,
			);
			runOnlyForDeploymentPostprocessing = 0;
		};
/* End PBXHeadersBuildPhase section */

/* Begin PBXNativeTarget section */
		331042C0208A1C40009A3A2D /* SweetDataSourceDemo */ = {
			isa = PBXNativeTarget;
			buildConfigurationList = 331042E9208A1C42009A3A2D /* Build configuration list for PBXNativeTarget "SweetDataSourceDemo" */;
			buildPhases = (
				331042BD208A1C40009A3A2D /* Sources */,
				331042BE208A1C40009A3A2D /* Frameworks */,
				331042BF208A1C40009A3A2D /* Resources */,
				33104311208A1C5F009A3A2D /* Embed Frameworks */,
			);
			buildRules = (
			);
			dependencies = (
				3310430B208A1C5F009A3A2D /* PBXTargetDependency */,
			);
			name = SweetDataSourceDemo;
			productName = SweetDataSourceDemo;
			productReference = 331042C1208A1C40009A3A2D /* SweetDataSourceDemo.app */;
			productType = "com.apple.product-type.application";
		};
		331042F6208A1C5F009A3A2D /* SweetDataSource */ = {
			isa = PBXNativeTarget;
			buildConfigurationList = 3310430E208A1C5F009A3A2D /* Build configuration list for PBXNativeTarget "SweetDataSource" */;
			buildPhases = (
				331042F2208A1C5F009A3A2D /* Sources */,
				331042F3208A1C5F009A3A2D /* Frameworks */,
				331042F4208A1C5F009A3A2D /* Headers */,
				331042F5208A1C5F009A3A2D /* Resources */,
			);
			buildRules = (
			);
			dependencies = (
			);
			name = SweetDataSource;
			productName = SweetDataSource;
			productReference = 331042F7208A1C5F009A3A2D /* SweetDataSource.framework */;
			productType = "com.apple.product-type.framework";
		};
		331042FE208A1C5F009A3A2D /* SweetDataSourceTests */ = {
			isa = PBXNativeTarget;
			buildConfigurationList = 33104312208A1C5F009A3A2D /* Build configuration list for PBXNativeTarget "SweetDataSourceTests" */;
			buildPhases = (
				331042FB208A1C5F009A3A2D /* Sources */,
				331042FC208A1C5F009A3A2D /* Frameworks */,
				331042FD208A1C5F009A3A2D /* Resources */,
			);
			buildRules = (
			);
			dependencies = (
				33104302208A1C5F009A3A2D /* PBXTargetDependency */,
				33104304208A1C5F009A3A2D /* PBXTargetDependency */,
			);
			name = SweetDataSourceTests;
			productName = SweetDataSourceTests;
			productReference = 331042FF208A1C5F009A3A2D /* SweetDataSourceTests.xctest */;
			productType = "com.apple.product-type.bundle.unit-test";
		};
/* End PBXNativeTarget section */

/* Begin PBXProject section */
		331042B9208A1C40009A3A2D /* Project object */ = {
			isa = PBXProject;
			attributes = {
				LastSwiftUpdateCheck = 0930;
				LastUpgradeCheck = 0930;
				ORGANIZATIONNAME = "Bakken & Bæck";
				TargetAttributes = {
					331042C0208A1C40009A3A2D = {
						CreatedOnToolsVersion = 9.3;
					};
					331042F6208A1C5F009A3A2D = {
						CreatedOnToolsVersion = 9.3;
						LastSwiftMigration = 0930;
					};
					331042FE208A1C5F009A3A2D = {
						CreatedOnToolsVersion = 9.3;
						TestTargetID = 331042C0208A1C40009A3A2D;
					};
				};
			};
			buildConfigurationList = 331042BC208A1C40009A3A2D /* Build configuration list for PBXProject "SweetDataSourceDemo" */;
			compatibilityVersion = "Xcode 9.3";
			developmentRegion = en;
			hasScannedForEncodings = 0;
			knownRegions = (
				en,
				Base,
			);
			mainGroup = 331042B8208A1C40009A3A2D;
			productRefGroup = 331042C2208A1C40009A3A2D /* Products */;
			projectDirPath = "";
			projectRoot = "";
			targets = (
				331042C0208A1C40009A3A2D /* SweetDataSourceDemo */,
				331042F6208A1C5F009A3A2D /* SweetDataSource */,
				331042FE208A1C5F009A3A2D /* SweetDataSourceTests */,
			);
		};
/* End PBXProject section */

/* Begin PBXResourcesBuildPhase section */
		331042BF208A1C40009A3A2D /* Resources */ = {
			isa = PBXResourcesBuildPhase;
			buildActionMask = 2147483647;
			files = (
				331042CF208A1C42009A3A2D /* LaunchScreen.storyboard in Resources */,
				331042CC208A1C42009A3A2D /* Assets.xcassets in Resources */,
				33104337208A245B009A3A2D /* StringCell.xib in Resources */,
				331042CA208A1C40009A3A2D /* Main.storyboard in Resources */,
			);
			runOnlyForDeploymentPostprocessing = 0;
		};
		331042F5208A1C5F009A3A2D /* Resources */ = {
			isa = PBXResourcesBuildPhase;
			buildActionMask = 2147483647;
			files = (
			);
			runOnlyForDeploymentPostprocessing = 0;
		};
		331042FD208A1C5F009A3A2D /* Resources */ = {
			isa = PBXResourcesBuildPhase;
			buildActionMask = 2147483647;
			files = (
			);
			runOnlyForDeploymentPostprocessing = 0;
		};
/* End PBXResourcesBuildPhase section */

/* Begin PBXSourcesBuildPhase section */
		331042BD208A1C40009A3A2D /* Sources */ = {
			isa = PBXSourcesBuildPhase;
			buildActionMask = 2147483647;
			files = (
				33104331208A23F9009A3A2D /* StringDataSource.swift in Sources */,
				3310433D208A2976009A3A2D /* String+CamelCaseToSpacing.swift in Sources */,
				33104341208A2A57009A3A2D /* SingleTypeDataSourceViewController.swift in Sources */,
				331042C7208A1C40009A3A2D /* ViewController.swift in Sources */,
				3310433B208A28CB009A3A2D /* DemoItemDataSource.swift in Sources */,
				33104333208A2400009A3A2D /* IntDataSource.swift in Sources */,
				331042C5208A1C40009A3A2D /* AppDelegate.swift in Sources */,
				33104340208A2A57009A3A2D /* CompoundDataSourceViewController.swift in Sources */,
				33104319208A1CF1009A3A2D /* DemoItemCell.swift in Sources */,
				33104335208A244C009A3A2D /* StringCell.swift in Sources */,
				3310432F208A23EA009A3A2D /* IntCell.swift in Sources */,
			);
			runOnlyForDeploymentPostprocessing = 0;
		};
		331042F2208A1C5F009A3A2D /* Sources */ = {
			isa = PBXSourcesBuildPhase;
			buildActionMask = 2147483647;
			files = (
				33104322208A1E7C009A3A2D /* CompoundDataSource.swift in Sources */,
				33104327208A1EFB009A3A2D /* UITableView+Generics.swift in Sources */,
				33104323208A1E7C009A3A2D /* CompoundableDataSource.swift in Sources */,
				33104325208A1EC6009A3A2D /* SingleTypeDataSource.swift in Sources */,
				33104329208A22FD009A3A2D /* UITableViewCell+DefaultValues.swift in Sources */,
			);
			runOnlyForDeploymentPostprocessing = 0;
		};
		331042FB208A1C5F009A3A2D /* Sources */ = {
			isa = PBXSourcesBuildPhase;
			buildActionMask = 2147483647;
			files = (
				33104307208A1C5F009A3A2D /* SweetDataSourceTests.swift in Sources */,
				3310432B208A235E009A3A2D /* CompoundDataSourceTests.swift in Sources */,
			);
			runOnlyForDeploymentPostprocessing = 0;
		};
/* End PBXSourcesBuildPhase section */

/* Begin PBXTargetDependency section */
		33104302208A1C5F009A3A2D /* PBXTargetDependency */ = {
			isa = PBXTargetDependency;
			target = 331042F6208A1C5F009A3A2D /* SweetDataSource */;
			targetProxy = 33104301208A1C5F009A3A2D /* PBXContainerItemProxy */;
		};
		33104304208A1C5F009A3A2D /* PBXTargetDependency */ = {
			isa = PBXTargetDependency;
			target = 331042C0208A1C40009A3A2D /* SweetDataSourceDemo */;
			targetProxy = 33104303208A1C5F009A3A2D /* PBXContainerItemProxy */;
		};
		3310430B208A1C5F009A3A2D /* PBXTargetDependency */ = {
			isa = PBXTargetDependency;
			target = 331042F6208A1C5F009A3A2D /* SweetDataSource */;
			targetProxy = 3310430A208A1C5F009A3A2D /* PBXContainerItemProxy */;
		};
/* End PBXTargetDependency section */

/* Begin PBXVariantGroup section */
		331042C8208A1C40009A3A2D /* Main.storyboard */ = {
			isa = PBXVariantGroup;
			children = (
				331042C9208A1C40009A3A2D /* Base */,
			);
			name = Main.storyboard;
			sourceTree = "<group>";
		};
		331042CD208A1C42009A3A2D /* LaunchScreen.storyboard */ = {
			isa = PBXVariantGroup;
			children = (
				331042CE208A1C42009A3A2D /* Base */,
			);
			name = LaunchScreen.storyboard;
			sourceTree = "<group>";
		};
/* End PBXVariantGroup section */

/* Begin XCBuildConfiguration section */
		331042E7208A1C42009A3A2D /* Debug */ = {
			isa = XCBuildConfiguration;
			buildSettings = {
				ALWAYS_SEARCH_USER_PATHS = NO;
				CLANG_ANALYZER_NONNULL = YES;
				CLANG_ANALYZER_NUMBER_OBJECT_CONVERSION = YES_AGGRESSIVE;
				CLANG_CXX_LANGUAGE_STANDARD = "gnu++14";
				CLANG_CXX_LIBRARY = "libc++";
				CLANG_ENABLE_MODULES = YES;
				CLANG_ENABLE_OBJC_ARC = YES;
				CLANG_ENABLE_OBJC_WEAK = YES;
				CLANG_WARN_BLOCK_CAPTURE_AUTORELEASING = YES;
				CLANG_WARN_BOOL_CONVERSION = YES;
				CLANG_WARN_COMMA = YES;
				CLANG_WARN_CONSTANT_CONVERSION = YES;
				CLANG_WARN_DEPRECATED_OBJC_IMPLEMENTATIONS = YES;
				CLANG_WARN_DIRECT_OBJC_ISA_USAGE = YES_ERROR;
				CLANG_WARN_DOCUMENTATION_COMMENTS = YES;
				CLANG_WARN_EMPTY_BODY = YES;
				CLANG_WARN_ENUM_CONVERSION = YES;
				CLANG_WARN_INFINITE_RECURSION = YES;
				CLANG_WARN_INT_CONVERSION = YES;
				CLANG_WARN_NON_LITERAL_NULL_CONVERSION = YES;
				CLANG_WARN_OBJC_IMPLICIT_RETAIN_SELF = YES;
				CLANG_WARN_OBJC_LITERAL_CONVERSION = YES;
				CLANG_WARN_OBJC_ROOT_CLASS = YES_ERROR;
				CLANG_WARN_RANGE_LOOP_ANALYSIS = YES;
				CLANG_WARN_STRICT_PROTOTYPES = YES;
				CLANG_WARN_SUSPICIOUS_MOVE = YES;
				CLANG_WARN_UNGUARDED_AVAILABILITY = YES_AGGRESSIVE;
				CLANG_WARN_UNREACHABLE_CODE = YES;
				CLANG_WARN__DUPLICATE_METHOD_MATCH = YES;
				CODE_SIGN_IDENTITY = "iPhone Developer";
				COPY_PHASE_STRIP = NO;
				DEBUG_INFORMATION_FORMAT = dwarf;
				ENABLE_STRICT_OBJC_MSGSEND = YES;
				ENABLE_TESTABILITY = YES;
				GCC_C_LANGUAGE_STANDARD = gnu11;
				GCC_DYNAMIC_NO_PIC = NO;
				GCC_NO_COMMON_BLOCKS = YES;
				GCC_OPTIMIZATION_LEVEL = 0;
				GCC_PREPROCESSOR_DEFINITIONS = (
					"DEBUG=1",
					"$(inherited)",
				);
				GCC_WARN_64_TO_32_BIT_CONVERSION = YES;
				GCC_WARN_ABOUT_RETURN_TYPE = YES_ERROR;
				GCC_WARN_UNDECLARED_SELECTOR = YES;
				GCC_WARN_UNINITIALIZED_AUTOS = YES_AGGRESSIVE;
				GCC_WARN_UNUSED_FUNCTION = YES;
				GCC_WARN_UNUSED_VARIABLE = YES;
				IPHONEOS_DEPLOYMENT_TARGET = 11.3;
				MTL_ENABLE_DEBUG_INFO = YES;
				ONLY_ACTIVE_ARCH = YES;
				SDKROOT = iphoneos;
				SWIFT_ACTIVE_COMPILATION_CONDITIONS = DEBUG;
				SWIFT_OPTIMIZATION_LEVEL = "-Onone";
			};
			name = Debug;
		};
		331042E8208A1C42009A3A2D /* Release */ = {
			isa = XCBuildConfiguration;
			buildSettings = {
				ALWAYS_SEARCH_USER_PATHS = NO;
				CLANG_ANALYZER_NONNULL = YES;
				CLANG_ANALYZER_NUMBER_OBJECT_CONVERSION = YES_AGGRESSIVE;
				CLANG_CXX_LANGUAGE_STANDARD = "gnu++14";
				CLANG_CXX_LIBRARY = "libc++";
				CLANG_ENABLE_MODULES = YES;
				CLANG_ENABLE_OBJC_ARC = YES;
				CLANG_ENABLE_OBJC_WEAK = YES;
				CLANG_WARN_BLOCK_CAPTURE_AUTORELEASING = YES;
				CLANG_WARN_BOOL_CONVERSION = YES;
				CLANG_WARN_COMMA = YES;
				CLANG_WARN_CONSTANT_CONVERSION = YES;
				CLANG_WARN_DEPRECATED_OBJC_IMPLEMENTATIONS = YES;
				CLANG_WARN_DIRECT_OBJC_ISA_USAGE = YES_ERROR;
				CLANG_WARN_DOCUMENTATION_COMMENTS = YES;
				CLANG_WARN_EMPTY_BODY = YES;
				CLANG_WARN_ENUM_CONVERSION = YES;
				CLANG_WARN_INFINITE_RECURSION = YES;
				CLANG_WARN_INT_CONVERSION = YES;
				CLANG_WARN_NON_LITERAL_NULL_CONVERSION = YES;
				CLANG_WARN_OBJC_IMPLICIT_RETAIN_SELF = YES;
				CLANG_WARN_OBJC_LITERAL_CONVERSION = YES;
				CLANG_WARN_OBJC_ROOT_CLASS = YES_ERROR;
				CLANG_WARN_RANGE_LOOP_ANALYSIS = YES;
				CLANG_WARN_STRICT_PROTOTYPES = YES;
				CLANG_WARN_SUSPICIOUS_MOVE = YES;
				CLANG_WARN_UNGUARDED_AVAILABILITY = YES_AGGRESSIVE;
				CLANG_WARN_UNREACHABLE_CODE = YES;
				CLANG_WARN__DUPLICATE_METHOD_MATCH = YES;
				CODE_SIGN_IDENTITY = "iPhone Developer";
				COPY_PHASE_STRIP = NO;
				DEBUG_INFORMATION_FORMAT = "dwarf-with-dsym";
				ENABLE_NS_ASSERTIONS = NO;
				ENABLE_STRICT_OBJC_MSGSEND = YES;
				GCC_C_LANGUAGE_STANDARD = gnu11;
				GCC_NO_COMMON_BLOCKS = YES;
				GCC_WARN_64_TO_32_BIT_CONVERSION = YES;
				GCC_WARN_ABOUT_RETURN_TYPE = YES_ERROR;
				GCC_WARN_UNDECLARED_SELECTOR = YES;
				GCC_WARN_UNINITIALIZED_AUTOS = YES_AGGRESSIVE;
				GCC_WARN_UNUSED_FUNCTION = YES;
				GCC_WARN_UNUSED_VARIABLE = YES;
				IPHONEOS_DEPLOYMENT_TARGET = 11.3;
				MTL_ENABLE_DEBUG_INFO = NO;
				SDKROOT = iphoneos;
				SWIFT_COMPILATION_MODE = wholemodule;
				SWIFT_OPTIMIZATION_LEVEL = "-O";
				VALIDATE_PRODUCT = YES;
			};
			name = Release;
		};
		331042EA208A1C42009A3A2D /* Debug */ = {
			isa = XCBuildConfiguration;
			buildSettings = {
				ALWAYS_EMBED_SWIFT_STANDARD_LIBRARIES = YES;
				ASSETCATALOG_COMPILER_APPICON_NAME = AppIcon;
				CODE_SIGN_STYLE = Automatic;
				DEVELOPMENT_TEAM = "";
				INFOPLIST_FILE = SweetDataSourceDemo/Info.plist;
				LD_RUNPATH_SEARCH_PATHS = (
					"$(inherited)",
					"@executable_path/Frameworks",
				);
				PRODUCT_BUNDLE_IDENTIFIER = com.usesweet.SweetDataSourceDemo;
				PRODUCT_NAME = "$(TARGET_NAME)";
				SWIFT_VERSION = 4.0;
				TARGETED_DEVICE_FAMILY = "1,2";
			};
			name = Debug;
		};
		331042EB208A1C42009A3A2D /* Release */ = {
			isa = XCBuildConfiguration;
			buildSettings = {
				ALWAYS_EMBED_SWIFT_STANDARD_LIBRARIES = YES;
				ASSETCATALOG_COMPILER_APPICON_NAME = AppIcon;
				CODE_SIGN_STYLE = Automatic;
				DEVELOPMENT_TEAM = "";
				INFOPLIST_FILE = SweetDataSourceDemo/Info.plist;
				LD_RUNPATH_SEARCH_PATHS = (
					"$(inherited)",
					"@executable_path/Frameworks",
				);
				PRODUCT_BUNDLE_IDENTIFIER = com.usesweet.SweetDataSourceDemo;
				PRODUCT_NAME = "$(TARGET_NAME)";
				SWIFT_VERSION = 4.0;
				TARGETED_DEVICE_FAMILY = "1,2";
			};
			name = Release;
		};
		3310430F208A1C5F009A3A2D /* Debug */ = {
			isa = XCBuildConfiguration;
			buildSettings = {
				CLANG_ENABLE_MODULES = YES;
				CODE_SIGN_IDENTITY = "";
				CODE_SIGN_STYLE = Automatic;
				CURRENT_PROJECT_VERSION = 1;
				DEFINES_MODULE = YES;
				DYLIB_COMPATIBILITY_VERSION = 1;
				DYLIB_CURRENT_VERSION = 1;
				DYLIB_INSTALL_NAME_BASE = "@rpath";
				INFOPLIST_FILE = SweetDataSource/Info.plist;
				INSTALL_PATH = "$(LOCAL_LIBRARY_DIR)/Frameworks";
				LD_RUNPATH_SEARCH_PATHS = (
					"$(inherited)",
					"@executable_path/Frameworks",
					"@loader_path/Frameworks",
				);
				PRODUCT_BUNDLE_IDENTIFIER = com.usesweet.SweetDataSource;
				PRODUCT_NAME = "$(TARGET_NAME:c99extidentifier)";
				SKIP_INSTALL = YES;
				SWIFT_OPTIMIZATION_LEVEL = "-Onone";
				SWIFT_VERSION = 4.0;
				TARGETED_DEVICE_FAMILY = "1,2";
				VERSIONING_SYSTEM = "apple-generic";
				VERSION_INFO_PREFIX = "";
			};
			name = Debug;
		};
		33104310208A1C5F009A3A2D /* Release */ = {
			isa = XCBuildConfiguration;
			buildSettings = {
				CLANG_ENABLE_MODULES = YES;
				CODE_SIGN_IDENTITY = "";
				CODE_SIGN_STYLE = Automatic;
				CURRENT_PROJECT_VERSION = 1;
				DEFINES_MODULE = YES;
				DYLIB_COMPATIBILITY_VERSION = 1;
				DYLIB_CURRENT_VERSION = 1;
				DYLIB_INSTALL_NAME_BASE = "@rpath";
				INFOPLIST_FILE = SweetDataSource/Info.plist;
				INSTALL_PATH = "$(LOCAL_LIBRARY_DIR)/Frameworks";
				LD_RUNPATH_SEARCH_PATHS = (
					"$(inherited)",
					"@executable_path/Frameworks",
					"@loader_path/Frameworks",
				);
				PRODUCT_BUNDLE_IDENTIFIER = com.usesweet.SweetDataSource;
				PRODUCT_NAME = "$(TARGET_NAME:c99extidentifier)";
				SKIP_INSTALL = YES;
				SWIFT_VERSION = 4.0;
				TARGETED_DEVICE_FAMILY = "1,2";
				VERSIONING_SYSTEM = "apple-generic";
				VERSION_INFO_PREFIX = "";
			};
			name = Release;
		};
		33104313208A1C5F009A3A2D /* Debug */ = {
			isa = XCBuildConfiguration;
			buildSettings = {
				ALWAYS_EMBED_SWIFT_STANDARD_LIBRARIES = YES;
				BUNDLE_LOADER = "$(TEST_HOST)";
				CODE_SIGN_STYLE = Automatic;
				INFOPLIST_FILE = SweetDataSourceTests/Info.plist;
				LD_RUNPATH_SEARCH_PATHS = (
					"$(inherited)",
					"@executable_path/Frameworks",
					"@loader_path/Frameworks",
				);
				PRODUCT_BUNDLE_IDENTIFIER = com.usesweet.SweetDataSourceTests;
				PRODUCT_NAME = "$(TARGET_NAME)";
				SWIFT_VERSION = 4.0;
				TARGETED_DEVICE_FAMILY = "1,2";
				TEST_HOST = "$(BUILT_PRODUCTS_DIR)/SweetDataSourceDemo.app/SweetDataSourceDemo";
			};
			name = Debug;
		};
		33104314208A1C5F009A3A2D /* Release */ = {
			isa = XCBuildConfiguration;
			buildSettings = {
				ALWAYS_EMBED_SWIFT_STANDARD_LIBRARIES = YES;
				BUNDLE_LOADER = "$(TEST_HOST)";
				CODE_SIGN_STYLE = Automatic;
				INFOPLIST_FILE = SweetDataSourceTests/Info.plist;
				LD_RUNPATH_SEARCH_PATHS = (
					"$(inherited)",
					"@executable_path/Frameworks",
					"@loader_path/Frameworks",
				);
				PRODUCT_BUNDLE_IDENTIFIER = com.usesweet.SweetDataSourceTests;
				PRODUCT_NAME = "$(TARGET_NAME)";
				SWIFT_VERSION = 4.0;
				TARGETED_DEVICE_FAMILY = "1,2";
				TEST_HOST = "$(BUILT_PRODUCTS_DIR)/SweetDataSourceDemo.app/SweetDataSourceDemo";
			};
			name = Release;
		};
/* End XCBuildConfiguration section */

/* Begin XCConfigurationList section */
		331042BC208A1C40009A3A2D /* Build configuration list for PBXProject "SweetDataSourceDemo" */ = {
			isa = XCConfigurationList;
			buildConfigurations = (
				331042E7208A1C42009A3A2D /* Debug */,
				331042E8208A1C42009A3A2D /* Release */,
			);
			defaultConfigurationIsVisible = 0;
			defaultConfigurationName = Release;
		};
		331042E9208A1C42009A3A2D /* Build configuration list for PBXNativeTarget "SweetDataSourceDemo" */ = {
			isa = XCConfigurationList;
			buildConfigurations = (
				331042EA208A1C42009A3A2D /* Debug */,
				331042EB208A1C42009A3A2D /* Release */,
			);
			defaultConfigurationIsVisible = 0;
			defaultConfigurationName = Release;
		};
		3310430E208A1C5F009A3A2D /* Build configuration list for PBXNativeTarget "SweetDataSource" */ = {
			isa = XCConfigurationList;
			buildConfigurations = (
				3310430F208A1C5F009A3A2D /* Debug */,
				33104310208A1C5F009A3A2D /* Release */,
			);
			defaultConfigurationIsVisible = 0;
			defaultConfigurationName = Release;
		};
		33104312208A1C5F009A3A2D /* Build configuration list for PBXNativeTarget "SweetDataSourceTests" */ = {
			isa = XCConfigurationList;
			buildConfigurations = (
				33104313208A1C5F009A3A2D /* Debug */,
				33104314208A1C5F009A3A2D /* Release */,
			);
			defaultConfigurationIsVisible = 0;
			defaultConfigurationName = Release;
		};
/* End XCConfigurationList section */
	};
	rootObject = 331042B9208A1C40009A3A2D /* Project object */;
}
